
Microsoft Visual Studio Solution File, Format Version 12.00
# Visual Studio Version 16
VisualStudioVersion = 16.0.29613.14
MinimumVisualStudioVersion = 10.0.40219.1
Project("{FAE04EC0-301F-11D3-BF4B-00C04F79EFBC}") = "Custom-Progress-Bar", "Custom-Progress-Bar\Custom-Progress-Bar.csproj", "{B63E147B-EEB5-4D15-A6E0-7ADA1ABCCD23}"
EndProject
Global
	GlobalSection(SolutionConfigurationPlatforms) = preSolution
		Debug|Any CPU = Debug|Any CPU
		Release|Any CPU = Release|Any CPU
	EndGlobalSection
	GlobalSection(ProjectConfigurationPlatforms) = postSolution
		{B63E147B-EEB5-4D15-A6E0-7ADA1ABCCD23}.Debug|Any CPU.ActiveCfg = Debug|Any CPU
		{B63E147B-EEB5-4D15-A6E0-7ADA1ABCCD23}.Debug|Any CPU.Build.0 = Debug|Any CPU
		{B63E147B-EEB5-4D15-A6E0-7ADA1ABCCD23}.Release|Any CPU.ActiveCfg = Release|Any CPU
		{B63E147B-EEB5-4D15-A6E0-7ADA1ABCCD23}.Release|Any CPU.Build.0 = Release|Any CPU
	EndGlobalSection
	GlobalSection(SolutionProperties) = preSolution
		HideSolutionNode = FALSE
	EndGlobalSection
	GlobalSection(ExtensibilityGlobals) = postSolution
		SolutionGuid = {1D5DF3CD-B30D-4745-A039-DE09C2D877C1}
	EndGlobalSection
EndGlobal
